
Microsoft Visual Studio Solution File, Format Version 12.00
# Visual Studio 15
VisualStudioVersion = 15.0.26430.13
MinimumVisualStudioVersion = 10.0.40219.1
Project("{FAE04EC0-301F-11D3-BF4B-00C04F79EFBC}") = "BES", "BES\BES.csproj", "{35EB0C69-9776-43C0-889D-DA90D78775F7}"
EndProject
Project("{FAE04EC0-301F-11D3-BF4B-00C04F79EFBC}") = "BES.Test", "BES.Test\BES.Test.csproj", "{6A2880F9-6214-4D38-B321-89436FDEEBA7}"
EndProject
Global
	GlobalSection(SolutionConfigurationPlatforms) = preSolution
		Debug|Any CPU = Debug|Any CPU
		Release|Any CPU = Release|Any CPU
	EndGlobalSection
	GlobalSection(ProjectConfigurationPlatforms) = postSolution
		{35EB0C69-9776-43C0-889D-DA90D78775F7}.Debug|Any CPU.ActiveCfg = Debug|Any CPU
		{35EB0C69-9776-43C0-889D-DA90D78775F7}.Debug|Any CPU.Build.0 = Debug|Any CPU
		{35EB0C69-9776-43C0-889D-DA90D78775F7}.Release|Any CPU.ActiveCfg = Release|Any CPU
		{35EB0C69-9776-43C0-889D-DA90D78775F7}.Release|Any CPU.Build.0 = Release|Any CPU
		{6A2880F9-6214-4D38-B321-89436FDEEBA7}.Debug|Any CPU.ActiveCfg = Debug|Any CPU
		{6A2880F9-6214-4D38-B321-89436FDEEBA7}.Debug|Any CPU.Build.0 = Debug|Any CPU
		{6A2880F9-6214-4D38-B321-89436FDEEBA7}.Release|Any CPU.ActiveCfg = Release|Any CPU
		{6A2880F9-6214-4D38-B321-89436FDEEBA7}.Release|Any CPU.Build.0 = Release|Any CPU
	EndGlobalSection
	GlobalSection(SolutionProperties) = preSolution
		HideSolutionNode = FALSE
	EndGlobalSection
EndGlobal
